// !$*UTF8*$!
{
	archiveVersion = 1;
	classes = {
	};
	objectVersion = 50;
	objects = {

/* Begin PBXBuildFile section */
		271210A9208573AD004B0C73 /* CognitiveModel.swift in Sources */ = {isa = PBXBuildFile; fileRef = 271210A8208573AD004B0C73 /* CognitiveModel.swift */; };
		271210AC20857800004B0C73 /* PlaceDetailViewController.swift in Sources */ = {isa = PBXBuildFile; fileRef = 271210AB20857800004B0C73 /* PlaceDetailViewController.swift */; };
		271210AF20857838004B0C73 /* PlaceDetailPresenter.swift in Sources */ = {isa = PBXBuildFile; fileRef = 271210AE20857838004B0C73 /* PlaceDetailPresenter.swift */; };
		271210B12085785B004B0C73 /* PlaceDetailModel.swift in Sources */ = {isa = PBXBuildFile; fileRef = 271210B02085785B004B0C73 /* PlaceDetailModel.swift */; };
		2783EB2920802A4F007FD8AD /* ListDeparmentsModel.swift in Sources */ = {isa = PBXBuildFile; fileRef = 2783EB2820802A4F007FD8AD /* ListDeparmentsModel.swift */; };
		2783EB2C20802AAC007FD8AD /* Department.swift in Sources */ = {isa = PBXBuildFile; fileRef = 2783EB2B20802AAC007FD8AD /* Department.swift */; };
		2783EB2D20802AAC007FD8AD /* Department.swift in Sources */ = {isa = PBXBuildFile; fileRef = 2783EB2B20802AAC007FD8AD /* Department.swift */; };
		2783EB3020802CA3007FD8AD /* ListDepartmentsViewController.swift in Sources */ = {isa = PBXBuildFile; fileRef = 2783EB2F20802CA3007FD8AD /* ListDepartmentsViewController.swift */; };
		2783EB3120802CA3007FD8AD /* ListDepartmentsViewController.swift in Sources */ = {isa = PBXBuildFile; fileRef = 2783EB2F20802CA3007FD8AD /* ListDepartmentsViewController.swift */; };
		2783EB3420802D3E007FD8AD /* ListDepartmentPresenter.swift in Sources */ = {isa = PBXBuildFile; fileRef = 2783EB3320802D3E007FD8AD /* ListDepartmentPresenter.swift */; };
		2783EB3520802D3E007FD8AD /* ListDepartmentPresenter.swift in Sources */ = {isa = PBXBuildFile; fileRef = 2783EB3320802D3E007FD8AD /* ListDepartmentPresenter.swift */; };
		2783EB3720803231007FD8AD /* CollectionDepartments.swift in Sources */ = {isa = PBXBuildFile; fileRef = 2783EB3620803231007FD8AD /* CollectionDepartments.swift */; };
		2783EB3820803231007FD8AD /* CollectionDepartments.swift in Sources */ = {isa = PBXBuildFile; fileRef = 2783EB3620803231007FD8AD /* CollectionDepartments.swift */; };
		27A712212088186100C5CAC2 /* BaseViewController.swift in Sources */ = {isa = PBXBuildFile; fileRef = 27A712202088186100C5CAC2 /* BaseViewController.swift */; };
		27A7122320881DF700C5CAC2 /* BaseView.swift in Sources */ = {isa = PBXBuildFile; fileRef = 27A7122220881DF700C5CAC2 /* BaseView.swift */; };
		27A7122520881E4500C5CAC2 /* BaseCollectionViewCell.swift in Sources */ = {isa = PBXBuildFile; fileRef = 27A7122420881E4500C5CAC2 /* BaseCollectionViewCell.swift */; };
		27FA3E4C207C26A100C1A14A /* AppDelegate.swift in Sources */ = {isa = PBXBuildFile; fileRef = 27FA3E4B207C26A100C1A14A /* AppDelegate.swift */; };
		27FA3E4E207C26A100C1A14A /* ViewController.swift in Sources */ = {isa = PBXBuildFile; fileRef = 27FA3E4D207C26A100C1A14A /* ViewController.swift */; };
		27FA3E51207C26A100C1A14A /* Main.storyboard in Resources */ = {isa = PBXBuildFile; fileRef = 27FA3E4F207C26A100C1A14A /* Main.storyboard */; };
		27FA3E53207C26A600C1A14A /* Assets.xcassets in Resources */ = {isa = PBXBuildFile; fileRef = 27FA3E52207C26A600C1A14A /* Assets.xcassets */; };
		27FA3E56207C26A600C1A14A /* LaunchScreen.storyboard in Resources */ = {isa = PBXBuildFile; fileRef = 27FA3E54207C26A600C1A14A /* LaunchScreen.storyboard */; };
		27FA3E61207C26A700C1A14A /* PlacesTests.swift in Sources */ = {isa = PBXBuildFile; fileRef = 27FA3E60207C26A700C1A14A /* PlacesTests.swift */; };
		27FA3E74207C2A3800C1A14A /* SplashViewController.swift in Sources */ = {isa = PBXBuildFile; fileRef = 27FA3E73207C2A3800C1A14A /* SplashViewController.swift */; };
		27FA3E75207C2A3800C1A14A /* SplashViewController.swift in Sources */ = {isa = PBXBuildFile; fileRef = 27FA3E73207C2A3800C1A14A /* SplashViewController.swift */; };
		27FA3E78207C2AE900C1A14A /* SplashPresenter.swift in Sources */ = {isa = PBXBuildFile; fileRef = 27FA3E77207C2AE900C1A14A /* SplashPresenter.swift */; };
		27FA3E79207C2AE900C1A14A /* SplashPresenter.swift in Sources */ = {isa = PBXBuildFile; fileRef = 27FA3E77207C2AE900C1A14A /* SplashPresenter.swift */; };
		27FA3E7B207C2B3700C1A14A /* SplashModel.swift in Sources */ = {isa = PBXBuildFile; fileRef = 27FA3E7A207C2B3700C1A14A /* SplashModel.swift */; };
		27FA3E7C207C2B3700C1A14A /* SplashModel.swift in Sources */ = {isa = PBXBuildFile; fileRef = 27FA3E7A207C2B3700C1A14A /* SplashModel.swift */; };
		27FA3E7E207C33C100C1A14A /* Trajan Pro Regular.ttf in Resources */ = {isa = PBXBuildFile; fileRef = 27FA3E7D207C33C100C1A14A /* Trajan Pro Regular.ttf */; };
		27FA3E7F207C33C100C1A14A /* Trajan Pro Regular.ttf in Resources */ = {isa = PBXBuildFile; fileRef = 27FA3E7D207C33C100C1A14A /* Trajan Pro Regular.ttf */; };
		27FA3E81207C342D00C1A14A /* Extensions.swift in Sources */ = {isa = PBXBuildFile; fileRef = 27FA3E80207C342D00C1A14A /* Extensions.swift */; };
		27FA3E82207C342D00C1A14A /* Extensions.swift in Sources */ = {isa = PBXBuildFile; fileRef = 27FA3E80207C342D00C1A14A /* Extensions.swift */; };
		27FA3E84207C344600C1A14A /* Styles.swift in Sources */ = {isa = PBXBuildFile; fileRef = 27FA3E83207C344600C1A14A /* Styles.swift */; };
		27FA3E85207C344600C1A14A /* Styles.swift in Sources */ = {isa = PBXBuildFile; fileRef = 27FA3E83207C344600C1A14A /* Styles.swift */; };
		27FA3E88207C39A800C1A14A /* LogInViewController.swift in Sources */ = {isa = PBXBuildFile; fileRef = 27FA3E87207C39A800C1A14A /* LogInViewController.swift */; };
		27FA3E89207C39A800C1A14A /* LogInViewController.swift in Sources */ = {isa = PBXBuildFile; fileRef = 27FA3E87207C39A800C1A14A /* LogInViewController.swift */; };
		27FA3E8B207C3EE400C1A14A /* AuthenticateModel.swift in Sources */ = {isa = PBXBuildFile; fileRef = 27FA3E8A207C3EE400C1A14A /* AuthenticateModel.swift */; };
		27FA3E8C207C3EE400C1A14A /* AuthenticateModel.swift in Sources */ = {isa = PBXBuildFile; fileRef = 27FA3E8A207C3EE400C1A14A /* AuthenticateModel.swift */; };
		27FA3E8E207C414E00C1A14A /* InputTextField.swift in Sources */ = {isa = PBXBuildFile; fileRef = 27FA3E8D207C414E00C1A14A /* InputTextField.swift */; };
		27FA3E8F207C414E00C1A14A /* InputTextField.swift in Sources */ = {isa = PBXBuildFile; fileRef = 27FA3E8D207C414E00C1A14A /* InputTextField.swift */; };
		27FD2BE3207D84DE007F6BE6 /* Preferences.swift in Sources */ = {isa = PBXBuildFile; fileRef = 27FD2BE2207D84DE007F6BE6 /* Preferences.swift */; };
		27FD2BE4207D84DE007F6BE6 /* Preferences.swift in Sources */ = {isa = PBXBuildFile; fileRef = 27FD2BE2207D84DE007F6BE6 /* Preferences.swift */; };
		27FD2BE7207D8B71007F6BE6 /* LogInPresenter.swift in Sources */ = {isa = PBXBuildFile; fileRef = 27FD2BE6207D8B71007F6BE6 /* LogInPresenter.swift */; };
		27FD2BE8207D8B71007F6BE6 /* LogInPresenter.swift in Sources */ = {isa = PBXBuildFile; fileRef = 27FD2BE6207D8B71007F6BE6 /* LogInPresenter.swift */; };
		27FD2BE9207D95DC007F6BE6 /* LogIn.strings in Resources */ = {isa = PBXBuildFile; fileRef = 27FD2BEC207D95DC007F6BE6 /* LogIn.strings */; };
		27FD2BEA207D95DC007F6BE6 /* LogIn.strings in Resources */ = {isa = PBXBuildFile; fileRef = 27FD2BEC207D95DC007F6BE6 /* LogIn.strings */; };
		980E5239B5A079426FE96349 /* Pods_PlacesTests.framework in Frameworks */ = {isa = PBXBuildFile; fileRef = AADC0762B1C35C248840E72D /* Pods_PlacesTests.framework */; };
		9DDA78DD3AE17189F44733FE /* Pods_Places.framework in Frameworks */ = {isa = PBXBuildFile; fileRef = 175AADA80D08428887EFA8E9 /* Pods_Places.framework */; };
/* End PBXBuildFile section */

/* Begin PBXContainerItemProxy section */
		27FA3E5D207C26A700C1A14A /* PBXContainerItemProxy */ = {
			isa = PBXContainerItemProxy;
			containerPortal = 27FA3E40207C26A000C1A14A /* Project object */;
			proxyType = 1;
			remoteGlobalIDString = 27FA3E47207C26A000C1A14A;
			remoteInfo = Places;
		};
/* End PBXContainerItemProxy section */

/* Begin PBXFileReference section */
		0EDE37DE2AE71D86E15A305C /* Pods-Places.release.xcconfig */ = {isa = PBXFileReference; includeInIndex = 1; lastKnownFileType = text.xcconfig; name = "Pods-Places.release.xcconfig"; path = "Pods/Target Support Files/Pods-Places/Pods-Places.release.xcconfig"; sourceTree = "<group>"; };
		16BC74ADBE5C99AED98D0ED2 /* Pods-PlacesTests.release.xcconfig */ = {isa = PBXFileReference; includeInIndex = 1; lastKnownFileType = text.xcconfig; name = "Pods-PlacesTests.release.xcconfig"; path = "Pods/Target Support Files/Pods-PlacesTests/Pods-PlacesTests.release.xcconfig"; sourceTree = "<group>"; };
		175AADA80D08428887EFA8E9 /* Pods_Places.framework */ = {isa = PBXFileReference; explicitFileType = wrapper.framework; includeInIndex = 0; path = Pods_Places.framework; sourceTree = BUILT_PRODUCTS_DIR; };
		271210A8208573AD004B0C73 /* CognitiveModel.swift */ = {isa = PBXFileReference; lastKnownFileType = sourcecode.swift; path = CognitiveModel.swift; sourceTree = "<group>"; };
		271210AB20857800004B0C73 /* PlaceDetailViewController.swift */ = {isa = PBXFileReference; lastKnownFileType = sourcecode.swift; path = PlaceDetailViewController.swift; sourceTree = "<group>"; };
		271210AE20857838004B0C73 /* PlaceDetailPresenter.swift */ = {isa = PBXFileReference; lastKnownFileType = sourcecode.swift; path = PlaceDetailPresenter.swift; sourceTree = "<group>"; };
		271210B02085785B004B0C73 /* PlaceDetailModel.swift */ = {isa = PBXFileReference; lastKnownFileType = sourcecode.swift; path = PlaceDetailModel.swift; sourceTree = "<group>"; };
		2783EB2820802A4F007FD8AD /* ListDeparmentsModel.swift */ = {isa = PBXFileReference; lastKnownFileType = sourcecode.swift; path = ListDeparmentsModel.swift; sourceTree = "<group>"; };
		2783EB2B20802AAC007FD8AD /* Department.swift */ = {isa = PBXFileReference; lastKnownFileType = sourcecode.swift; path = Department.swift; sourceTree = "<group>"; };
		2783EB2F20802CA3007FD8AD /* ListDepartmentsViewController.swift */ = {isa = PBXFileReference; lastKnownFileType = sourcecode.swift; path = ListDepartmentsViewController.swift; sourceTree = "<group>"; };
		2783EB3320802D3E007FD8AD /* ListDepartmentPresenter.swift */ = {isa = PBXFileReference; lastKnownFileType = sourcecode.swift; path = ListDepartmentPresenter.swift; sourceTree = "<group>"; };
		2783EB3620803231007FD8AD /* CollectionDepartments.swift */ = {isa = PBXFileReference; lastKnownFileType = sourcecode.swift; path = CollectionDepartments.swift; sourceTree = "<group>"; };
		27A712202088186100C5CAC2 /* BaseViewController.swift */ = {isa = PBXFileReference; lastKnownFileType = sourcecode.swift; path = BaseViewController.swift; sourceTree = "<group>"; };
		27A7122220881DF700C5CAC2 /* BaseView.swift */ = {isa = PBXFileReference; lastKnownFileType = sourcecode.swift; path = BaseView.swift; sourceTree = "<group>"; };
		27A7122420881E4500C5CAC2 /* BaseCollectionViewCell.swift */ = {isa = PBXFileReference; lastKnownFileType = sourcecode.swift; path = BaseCollectionViewCell.swift; sourceTree = "<group>"; };
		27FA3E48207C26A100C1A14A /* Places.app */ = {isa = PBXFileReference; explicitFileType = wrapper.application; includeInIndex = 0; path = Places.app; sourceTree = BUILT_PRODUCTS_DIR; };
		27FA3E4B207C26A100C1A14A /* AppDelegate.swift */ = {isa = PBXFileReference; lastKnownFileType = sourcecode.swift; path = AppDelegate.swift; sourceTree = "<group>"; };
		27FA3E4D207C26A100C1A14A /* ViewController.swift */ = {isa = PBXFileReference; lastKnownFileType = sourcecode.swift; path = ViewController.swift; sourceTree = "<group>"; };
		27FA3E50207C26A100C1A14A /* Base */ = {isa = PBXFileReference; lastKnownFileType = file.storyboard; name = Base; path = Base.lproj/Main.storyboard; sourceTree = "<group>"; };
		27FA3E52207C26A600C1A14A /* Assets.xcassets */ = {isa = PBXFileReference; lastKnownFileType = folder.assetcatalog; path = Assets.xcassets; sourceTree = "<group>"; };
		27FA3E55207C26A600C1A14A /* Base */ = {isa = PBXFileReference; lastKnownFileType = file.storyboard; name = Base; path = Base.lproj/LaunchScreen.storyboard; sourceTree = "<group>"; };
		27FA3E57207C26A600C1A14A /* Info.plist */ = {isa = PBXFileReference; lastKnownFileType = text.plist.xml; path = Info.plist; sourceTree = "<group>"; };
		27FA3E5C207C26A700C1A14A /* PlacesTests.xctest */ = {isa = PBXFileReference; explicitFileType = wrapper.cfbundle; includeInIndex = 0; path = PlacesTests.xctest; sourceTree = BUILT_PRODUCTS_DIR; };
		27FA3E60207C26A700C1A14A /* PlacesTests.swift */ = {isa = PBXFileReference; lastKnownFileType = sourcecode.swift; path = PlacesTests.swift; sourceTree = "<group>"; };
		27FA3E62207C26A700C1A14A /* Info.plist */ = {isa = PBXFileReference; lastKnownFileType = text.plist.xml; path = Info.plist; sourceTree = "<group>"; };
		27FA3E73207C2A3800C1A14A /* SplashViewController.swift */ = {isa = PBXFileReference; lastKnownFileType = sourcecode.swift; path = SplashViewController.swift; sourceTree = "<group>"; };
		27FA3E77207C2AE900C1A14A /* SplashPresenter.swift */ = {isa = PBXFileReference; lastKnownFileType = sourcecode.swift; path = SplashPresenter.swift; sourceTree = "<group>"; };
		27FA3E7A207C2B3700C1A14A /* SplashModel.swift */ = {isa = PBXFileReference; lastKnownFileType = sourcecode.swift; path = SplashModel.swift; sourceTree = "<group>"; };
		27FA3E7D207C33C100C1A14A /* Trajan Pro Regular.ttf */ = {isa = PBXFileReference; lastKnownFileType = file; path = "Trajan Pro Regular.ttf"; sourceTree = "<group>"; };
		27FA3E80207C342D00C1A14A /* Extensions.swift */ = {isa = PBXFileReference; lastKnownFileType = sourcecode.swift; path = Extensions.swift; sourceTree = "<group>"; };
		27FA3E83207C344600C1A14A /* Styles.swift */ = {isa = PBXFileReference; lastKnownFileType = sourcecode.swift; path = Styles.swift; sourceTree = "<group>"; };
		27FA3E87207C39A800C1A14A /* LogInViewController.swift */ = {isa = PBXFileReference; lastKnownFileType = sourcecode.swift; path = LogInViewController.swift; sourceTree = "<group>"; };
		27FA3E8A207C3EE400C1A14A /* AuthenticateModel.swift */ = {isa = PBXFileReference; lastKnownFileType = sourcecode.swift; path = AuthenticateModel.swift; sourceTree = "<group>"; };
		27FA3E8D207C414E00C1A14A /* InputTextField.swift */ = {isa = PBXFileReference; lastKnownFileType = sourcecode.swift; path = InputTextField.swift; sourceTree = "<group>"; };
		27FD2BE2207D84DE007F6BE6 /* Preferences.swift */ = {isa = PBXFileReference; lastKnownFileType = sourcecode.swift; path = Preferences.swift; sourceTree = "<group>"; };
		27FD2BE6207D8B71007F6BE6 /* LogInPresenter.swift */ = {isa = PBXFileReference; lastKnownFileType = sourcecode.swift; path = LogInPresenter.swift; sourceTree = "<group>"; };
		27FD2BEB207D95DC007F6BE6 /* en */ = {isa = PBXFileReference; lastKnownFileType = text.plist.strings; name = en; path = en.lproj/LogIn.strings; sourceTree = "<group>"; };
		27FD2BED207D9601007F6BE6 /* Base */ = {isa = PBXFileReference; lastKnownFileType = text.plist.strings; name = Base; path = Base.lproj/LogIn.strings; sourceTree = "<group>"; };
		27FD2BEE207D975D007F6BE6 /* es-419 */ = {isa = PBXFileReference; lastKnownFileType = text.plist.strings; name = "es-419"; path = "es-419.lproj/Main.strings"; sourceTree = "<group>"; };
		27FD2BEF207D975D007F6BE6 /* es-419 */ = {isa = PBXFileReference; lastKnownFileType = text.plist.strings; name = "es-419"; path = "es-419.lproj/LaunchScreen.strings"; sourceTree = "<group>"; };
		27FD2BF0207D975D007F6BE6 /* es-419 */ = {isa = PBXFileReference; lastKnownFileType = text.plist.strings; name = "es-419"; path = "es-419.lproj/LogIn.strings"; sourceTree = "<group>"; };
		4BC721FA60846880D4DB4841 /* Pods-PlacesTests.debug.xcconfig */ = {isa = PBXFileReference; includeInIndex = 1; lastKnownFileType = text.xcconfig; name = "Pods-PlacesTests.debug.xcconfig"; path = "Pods/Target Support Files/Pods-PlacesTests/Pods-PlacesTests.debug.xcconfig"; sourceTree = "<group>"; };
		AADC0762B1C35C248840E72D /* Pods_PlacesTests.framework */ = {isa = PBXFileReference; explicitFileType = wrapper.framework; includeInIndex = 0; path = Pods_PlacesTests.framework; sourceTree = BUILT_PRODUCTS_DIR; };
		C82CDA911EF16D0E97901E0D /* Pods-Places.debug.xcconfig */ = {isa = PBXFileReference; includeInIndex = 1; lastKnownFileType = text.xcconfig; name = "Pods-Places.debug.xcconfig"; path = "Pods/Target Support Files/Pods-Places/Pods-Places.debug.xcconfig"; sourceTree = "<group>"; };
/* End PBXFileReference section */

/* Begin PBXFrameworksBuildPhase section */
		27FA3E45207C26A000C1A14A /* Frameworks */ = {
			isa = PBXFrameworksBuildPhase;
			buildActionMask = 2147483647;
			files = (
				9DDA78DD3AE17189F44733FE /* Pods_Places.framework in Frameworks */,
			);
			runOnlyForDeploymentPostprocessing = 0;
		};
		27FA3E59207C26A700C1A14A /* Frameworks */ = {
			isa = PBXFrameworksBuildPhase;
			buildActionMask = 2147483647;
			files = (
				980E5239B5A079426FE96349 /* Pods_PlacesTests.framework in Frameworks */,
			);
			runOnlyForDeploymentPostprocessing = 0;
		};
/* End PBXFrameworksBuildPhase section */

/* Begin PBXGroup section */
		271210AA208577E0004B0C73 /* DetailPlace */ = {
			isa = PBXGroup;
			children = (
				271210AB20857800004B0C73 /* PlaceDetailViewController.swift */,
			);
			path = DetailPlace;
			sourceTree = "<group>";
		};
		271210AD2085781B004B0C73 /* PlaceDetail */ = {
			isa = PBXGroup;
			children = (
				271210AE20857838004B0C73 /* PlaceDetailPresenter.swift */,
			);
			path = PlaceDetail;
			sourceTree = "<group>";
		};
		2783EB2A20802A9E007FD8AD /* Entity */ = {
			isa = PBXGroup;
			children = (
				2783EB2B20802AAC007FD8AD /* Department.swift */,
			);
			path = Entity;
			sourceTree = "<group>";
		};
		2783EB2E20802C88007FD8AD /* ListDepartments */ = {
			isa = PBXGroup;
			children = (
				2783EB2F20802CA3007FD8AD /* ListDepartmentsViewController.swift */,
				2783EB3620803231007FD8AD /* CollectionDepartments.swift */,
			);
			path = ListDepartments;
			sourceTree = "<group>";
		};
		2783EB3220802D1A007FD8AD /* ListDepartmentPresenter */ = {
			isa = PBXGroup;
			children = (
				2783EB3320802D3E007FD8AD /* ListDepartmentPresenter.swift */,
			);
			path = ListDepartmentPresenter;
			sourceTree = "<group>";
		};
		27FA3E3F207C26A000C1A14A = {
			isa = PBXGroup;
			children = (
				27FA3E4A207C26A100C1A14A /* Places */,
				27FA3E5F207C26A700C1A14A /* PlacesTests */,
				27FA3E49207C26A100C1A14A /* Products */,
				502A73FD64AC5C864A5D0FA1 /* Pods */,
				70450A144A5363945223CE85 /* Frameworks */,
			);
			sourceTree = "<group>";
		};
		27FA3E49207C26A100C1A14A /* Products */ = {
			isa = PBXGroup;
			children = (
				27FA3E48207C26A100C1A14A /* Places.app */,
				27FA3E5C207C26A700C1A14A /* PlacesTests.xctest */,
			);
			name = Products;
			sourceTree = "<group>";
		};
		27FA3E4A207C26A100C1A14A /* Places */ = {
			isa = PBXGroup;
			children = (
				27FD2BDE207D8395007F6BE6 /* Preferences */,
				27FA3E71207C292100C1A14A /* Fonts */,
				27FA3E70207C291700C1A14A /* Extension */,
				27FA3E6F207C290D00C1A14A /* Styles */,
				27FA3E6B207C28FE00C1A14A /* MVP */,
				27FA3E4B207C26A100C1A14A /* AppDelegate.swift */,
				27FA3E4D207C26A100C1A14A /* ViewController.swift */,
				27FA3E4F207C26A100C1A14A /* Main.storyboard */,
				27FA3E52207C26A600C1A14A /* Assets.xcassets */,
				27FA3E54207C26A600C1A14A /* LaunchScreen.storyboard */,
				27FA3E57207C26A600C1A14A /* Info.plist */,
			);
			path = Places;
			sourceTree = "<group>";
		};
		27FA3E5F207C26A700C1A14A /* PlacesTests */ = {
			isa = PBXGroup;
			children = (
				27FA3E60207C26A700C1A14A /* PlacesTests.swift */,
				27FA3E62207C26A700C1A14A /* Info.plist */,
			);
			path = PlacesTests;
			sourceTree = "<group>";
		};
		27FA3E6B207C28FE00C1A14A /* MVP */ = {
			isa = PBXGroup;
			children = (
				27FA3E6C207C28FE00C1A14A /* Model */,
				27FA3E6D207C28FE00C1A14A /* Presenter */,
				27FA3E6E207C28FE00C1A14A /* View */,
			);
			path = MVP;
			sourceTree = "<group>";
		};
		27FA3E6C207C28FE00C1A14A /* Model */ = {
			isa = PBXGroup;
			children = (
				2783EB2A20802A9E007FD8AD /* Entity */,
				27FA3E7A207C2B3700C1A14A /* SplashModel.swift */,
				27FA3E8A207C3EE400C1A14A /* AuthenticateModel.swift */,
				2783EB2820802A4F007FD8AD /* ListDeparmentsModel.swift */,
				271210A8208573AD004B0C73 /* CognitiveModel.swift */,
				271210B02085785B004B0C73 /* PlaceDetailModel.swift */,
			);
			path = Model;
			sourceTree = "<group>";
		};
		27FA3E6D207C28FE00C1A14A /* Presenter */ = {
			isa = PBXGroup;
			children = (
				271210AD2085781B004B0C73 /* PlaceDetail */,
				2783EB3220802D1A007FD8AD /* ListDepartmentPresenter */,
				27FD2BE5207D8B4F007F6BE6 /* LogIn */,
				27FA3E76207C2A7200C1A14A /* Splash */,
			);
			path = Presenter;
			sourceTree = "<group>";
		};
		27FA3E6E207C28FE00C1A14A /* View */ = {
			isa = PBXGroup;
			children = (
				271210AA208577E0004B0C73 /* DetailPlace */,
				2783EB2E20802C88007FD8AD /* ListDepartments */,
				27FA3E86207C393A00C1A14A /* Authenticate */,
				27FA3E72207C29DD00C1A14A /* Splash */,
				27A712202088186100C5CAC2 /* BaseViewController.swift */,
				27A7122220881DF700C5CAC2 /* BaseView.swift */,
				27A7122420881E4500C5CAC2 /* BaseCollectionViewCell.swift */,
			);
			path = View;
			sourceTree = "<group>";
		};
		27FA3E6F207C290D00C1A14A /* Styles */ = {
			isa = PBXGroup;
			children = (
				27FA3E83207C344600C1A14A /* Styles.swift */,
			);
			path = Styles;
			sourceTree = "<group>";
		};
		27FA3E70207C291700C1A14A /* Extension */ = {
			isa = PBXGroup;
			children = (
				27FA3E80207C342D00C1A14A /* Extensions.swift */,
			);
			path = Extension;
			sourceTree = "<group>";
		};
		27FA3E71207C292100C1A14A /* Fonts */ = {
			isa = PBXGroup;
			children = (
				27FA3E7D207C33C100C1A14A /* Trajan Pro Regular.ttf */,
			);
			path = Fonts;
			sourceTree = "<group>";
		};
		27FA3E72207C29DD00C1A14A /* Splash */ = {
			isa = PBXGroup;
			children = (
				27FA3E73207C2A3800C1A14A /* SplashViewController.swift */,
			);
			path = Splash;
			sourceTree = "<group>";
		};
		27FA3E76207C2A7200C1A14A /* Splash */ = {
			isa = PBXGroup;
			children = (
				27FA3E77207C2AE900C1A14A /* SplashPresenter.swift */,
			);
			path = Splash;
			sourceTree = "<group>";
		};
		27FA3E86207C393A00C1A14A /* Authenticate */ = {
			isa = PBXGroup;
			children = (
				27FA3E87207C39A800C1A14A /* LogInViewController.swift */,
				27FA3E8D207C414E00C1A14A /* InputTextField.swift */,
			);
			path = Authenticate;
			sourceTree = "<group>";
		};
		27FD2BDE207D8395007F6BE6 /* Preferences */ = {
			isa = PBXGroup;
			children = (
				27FD2BEC207D95DC007F6BE6 /* LogIn.strings */,
				27FD2BE2207D84DE007F6BE6 /* Preferences.swift */,
			);
			path = Preferences;
			sourceTree = "<group>";
		};
		27FD2BE5207D8B4F007F6BE6 /* LogIn */ = {
			isa = PBXGroup;
			children = (
				27FD2BE6207D8B71007F6BE6 /* LogInPresenter.swift */,
			);
			path = LogIn;
			sourceTree = "<group>";
		};
		502A73FD64AC5C864A5D0FA1 /* Pods */ = {
			isa = PBXGroup;
			children = (
				C82CDA911EF16D0E97901E0D /* Pods-Places.debug.xcconfig */,
				0EDE37DE2AE71D86E15A305C /* Pods-Places.release.xcconfig */,
				4BC721FA60846880D4DB4841 /* Pods-PlacesTests.debug.xcconfig */,
				16BC74ADBE5C99AED98D0ED2 /* Pods-PlacesTests.release.xcconfig */,
			);
			name = Pods;
			sourceTree = "<group>";
		};
		70450A144A5363945223CE85 /* Frameworks */ = {
			isa = PBXGroup;
			children = (
				175AADA80D08428887EFA8E9 /* Pods_Places.framework */,
				AADC0762B1C35C248840E72D /* Pods_PlacesTests.framework */,
			);
			name = Frameworks;
			sourceTree = "<group>";
		};
/* End PBXGroup section */

/* Begin PBXNativeTarget section */
		27FA3E47207C26A000C1A14A /* Places */ = {
			isa = PBXNativeTarget;
			buildConfigurationList = 27FA3E65207C26A700C1A14A /* Build configuration list for PBXNativeTarget "Places" */;
			buildPhases = (
				3402999E2EFD0A0F56EC651D /* [CP] Check Pods Manifest.lock */,
				27FA3E44207C26A000C1A14A /* Sources */,
				27FA3E45207C26A000C1A14A /* Frameworks */,
				27FA3E46207C26A000C1A14A /* Resources */,
				57B143E95F20C496E781BF65 /* [CP] Embed Pods Frameworks */,
			);
			buildRules = (
			);
			dependencies = (
			);
			name = Places;
			productName = Places;
			productReference = 27FA3E48207C26A100C1A14A /* Places.app */;
			productType = "com.apple.product-type.application";
		};
		27FA3E5B207C26A700C1A14A /* PlacesTests */ = {
			isa = PBXNativeTarget;
			buildConfigurationList = 27FA3E68207C26A700C1A14A /* Build configuration list for PBXNativeTarget "PlacesTests" */;
			buildPhases = (
				E223651F15A952F1A187724E /* [CP] Check Pods Manifest.lock */,
				27FA3E58207C26A700C1A14A /* Sources */,
				27FA3E59207C26A700C1A14A /* Frameworks */,
				27FA3E5A207C26A700C1A14A /* Resources */,
			);
			buildRules = (
			);
			dependencies = (
				27FA3E5E207C26A700C1A14A /* PBXTargetDependency */,
			);
			name = PlacesTests;
			productName = PlacesTests;
			productReference = 27FA3E5C207C26A700C1A14A /* PlacesTests.xctest */;
			productType = "com.apple.product-type.bundle.unit-test";
		};
/* End PBXNativeTarget section */

/* Begin PBXProject section */
		27FA3E40207C26A000C1A14A /* Project object */ = {
			isa = PBXProject;
			attributes = {
				LastSwiftUpdateCheck = 0930;
				LastUpgradeCheck = 0930;
				ORGANIZATIONNAME = "Ministerio de Transportes y Comunicaciones";
				TargetAttributes = {
					27FA3E47207C26A000C1A14A = {
						CreatedOnToolsVersion = 9.3;
					};
					27FA3E5B207C26A700C1A14A = {
						CreatedOnToolsVersion = 9.3;
						TestTargetID = 27FA3E47207C26A000C1A14A;
					};
				};
			};
			buildConfigurationList = 27FA3E43207C26A000C1A14A /* Build configuration list for PBXProject "Places" */;
			compatibilityVersion = "Xcode 9.3";
			developmentRegion = en;
			hasScannedForEncodings = 0;
			knownRegions = (
				en,
				Base,
				"es-419",
			);
			mainGroup = 27FA3E3F207C26A000C1A14A;
			productRefGroup = 27FA3E49207C26A100C1A14A /* Products */;
			projectDirPath = "";
			projectRoot = "";
			targets = (
				27FA3E47207C26A000C1A14A /* Places */,
				27FA3E5B207C26A700C1A14A /* PlacesTests */,
			);
		};
/* End PBXProject section */

/* Begin PBXResourcesBuildPhase section */
		27FA3E46207C26A000C1A14A /* Resources */ = {
			isa = PBXResourcesBuildPhase;
			buildActionMask = 2147483647;
			files = (
				27FA3E56207C26A600C1A14A /* LaunchScreen.storyboard in Resources */,
				27FA3E7E207C33C100C1A14A /* Trajan Pro Regular.ttf in Resources */,
				27FD2BE9207D95DC007F6BE6 /* LogIn.strings in Resources */,
				27FA3E53207C26A600C1A14A /* Assets.xcassets in Resources */,
				27FA3E51207C26A100C1A14A /* Main.storyboard in Resources */,
			);
			runOnlyForDeploymentPostprocessing = 0;
		};
		27FA3E5A207C26A700C1A14A /* Resources */ = {
			isa = PBXResourcesBuildPhase;
			buildActionMask = 2147483647;
			files = (
				27FD2BEA207D95DC007F6BE6 /* LogIn.strings in Resources */,
				27FA3E7F207C33C100C1A14A /* Trajan Pro Regular.ttf in Resources */,
			);
			runOnlyForDeploymentPostprocessing = 0;
		};
/* End PBXResourcesBuildPhase section */

/* Begin PBXShellScriptBuildPhase section */
		3402999E2EFD0A0F56EC651D /* [CP] Check Pods Manifest.lock */ = {
			isa = PBXShellScriptBuildPhase;
			buildActionMask = 2147483647;
			files = (
			);
			inputPaths = (
				"${PODS_PODFILE_DIR_PATH}/Podfile.lock",
				"${PODS_ROOT}/Manifest.lock",
			);
			name = "[CP] Check Pods Manifest.lock";
			outputPaths = (
				"$(DERIVED_FILE_DIR)/Pods-Places-checkManifestLockResult.txt",
			);
			runOnlyForDeploymentPostprocessing = 0;
			shellPath = /bin/sh;
			shellScript = "diff \"${PODS_PODFILE_DIR_PATH}/Podfile.lock\" \"${PODS_ROOT}/Manifest.lock\" > /dev/null\nif [ $? != 0 ] ; then\n    # print error to STDERR\n    echo \"error: The sandbox is not in sync with the Podfile.lock. Run 'pod install' or update your CocoaPods installation.\" >&2\n    exit 1\nfi\n# This output is used by Xcode 'outputs' to avoid re-running this script phase.\necho \"SUCCESS\" > \"${SCRIPT_OUTPUT_FILE_0}\"\n";
			showEnvVarsInLog = 0;
		};
		57B143E95F20C496E781BF65 /* [CP] Embed Pods Frameworks */ = {
			isa = PBXShellScriptBuildPhase;
			buildActionMask = 2147483647;
			files = (
			);
			inputPaths = (
				"${SRCROOT}/Pods/Target Support Files/Pods-Places/Pods-Places-frameworks.sh",
				"${BUILT_PRODUCTS_DIR}/Alamofire/Alamofire.framework",
				"${BUILT_PRODUCTS_DIR}/CameraManager/CameraManager.framework",
				"${BUILT_PRODUCTS_DIR}/IQKeyboardManagerSwift/IQKeyboardManagerSwift.framework",
				"${BUILT_PRODUCTS_DIR}/Player/Player.framework",
				"${BUILT_PRODUCTS_DIR}/SDWebImage/SDWebImage.framework",
				"${BUILT_PRODUCTS_DIR}/SwiftyJSON/SwiftyJSON.framework",
			);
			name = "[CP] Embed Pods Frameworks";
			outputPaths = (
				"${TARGET_BUILD_DIR}/${FRAMEWORKS_FOLDER_PATH}/Alamofire.framework",
				"${TARGET_BUILD_DIR}/${FRAMEWORKS_FOLDER_PATH}/CameraManager.framework",
				"${TARGET_BUILD_DIR}/${FRAMEWORKS_FOLDER_PATH}/IQKeyboardManagerSwift.framework",
				"${TARGET_BUILD_DIR}/${FRAMEWORKS_FOLDER_PATH}/Player.framework",
				"${TARGET_BUILD_DIR}/${FRAMEWORKS_FOLDER_PATH}/SDWebImage.framework",
				"${TARGET_BUILD_DIR}/${FRAMEWORKS_FOLDER_PATH}/SwiftyJSON.framework",
			);
			runOnlyForDeploymentPostprocessing = 0;
			shellPath = /bin/sh;
			shellScript = "\"${SRCROOT}/Pods/Target Support Files/Pods-Places/Pods-Places-frameworks.sh\"\n";
			showEnvVarsInLog = 0;
		};
		E223651F15A952F1A187724E /* [CP] Check Pods Manifest.lock */ = {
			isa = PBXShellScriptBuildPhase;
			buildActionMask = 2147483647;
			files = (
			);
			inputPaths = (
				"${PODS_PODFILE_DIR_PATH}/Podfile.lock",
				"${PODS_ROOT}/Manifest.lock",
			);
			name = "[CP] Check Pods Manifest.lock";
			outputPaths = (
				"$(DERIVED_FILE_DIR)/Pods-PlacesTests-checkManifestLockResult.txt",
			);
			runOnlyForDeploymentPostprocessing = 0;
			shellPath = /bin/sh;
			shellScript = "diff \"${PODS_PODFILE_DIR_PATH}/Podfile.lock\" \"${PODS_ROOT}/Manifest.lock\" > /dev/null\nif [ $? != 0 ] ; then\n    # print error to STDERR\n    echo \"error: The sandbox is not in sync with the Podfile.lock. Run 'pod install' or update your CocoaPods installation.\" >&2\n    exit 1\nfi\n# This output is used by Xcode 'outputs' to avoid re-running this script phase.\necho \"SUCCESS\" > \"${SCRIPT_OUTPUT_FILE_0}\"\n";
			showEnvVarsInLog = 0;
		};
/* End PBXShellScriptBuildPhase section */

/* Begin PBXSourcesBuildPhase section */
		27FA3E44207C26A000C1A14A /* Sources */ = {
			isa = PBXSourcesBuildPhase;
			buildActionMask = 2147483647;
			files = (
				2783EB3420802D3E007FD8AD /* ListDepartmentPresenter.swift in Sources */,
				271210AF20857838004B0C73 /* PlaceDetailPresenter.swift in Sources */,
				27FA3E8E207C414E00C1A14A /* InputTextField.swift in Sources */,
				271210AC20857800004B0C73 /* PlaceDetailViewController.swift in Sources */,
				27FA3E74207C2A3800C1A14A /* SplashViewController.swift in Sources */,
				27FA3E84207C344600C1A14A /* Styles.swift in Sources */,
				2783EB3020802CA3007FD8AD /* ListDepartmentsViewController.swift in Sources */,
				27FA3E81207C342D00C1A14A /* Extensions.swift in Sources */,
				27FA3E7B207C2B3700C1A14A /* SplashModel.swift in Sources */,
				2783EB2C20802AAC007FD8AD /* Department.swift in Sources */,
				27FA3E88207C39A800C1A14A /* LogInViewController.swift in Sources */,
				27FA3E4E207C26A100C1A14A /* ViewController.swift in Sources */,
				27FD2BE3207D84DE007F6BE6 /* Preferences.swift in Sources */,
				27A712212088186100C5CAC2 /* BaseViewController.swift in Sources */,
				2783EB2920802A4F007FD8AD /* ListDeparmentsModel.swift in Sources */,
				271210A9208573AD004B0C73 /* CognitiveModel.swift in Sources */,
				2783EB3720803231007FD8AD /* CollectionDepartments.swift in Sources */,
				27A7122520881E4500C5CAC2 /* BaseCollectionViewCell.swift in Sources */,
				27FD2BE7207D8B71007F6BE6 /* LogInPresenter.swift in Sources */,
				27FA3E8B207C3EE400C1A14A /* AuthenticateModel.swift in Sources */,
				27A7122320881DF700C5CAC2 /* BaseView.swift in Sources */,
				27FA3E4C207C26A100C1A14A /* AppDelegate.swift in Sources */,
				271210B12085785B004B0C73 /* PlaceDetailModel.swift in Sources */,
				27FA3E78207C2AE900C1A14A /* SplashPresenter.swift in Sources */,
			);
			runOnlyForDeploymentPostprocessing = 0;
		};
		27FA3E58207C26A700C1A14A /* Sources */ = {
			isa = PBXSourcesBuildPhase;
			buildActionMask = 2147483647;
			files = (
				27FA3E82207C342D00C1A14A /* Extensions.swift in Sources */,
				27FA3E7C207C2B3700C1A14A /* SplashModel.swift in Sources */,
				27FD2BE4207D84DE007F6BE6 /* Preferences.swift in Sources */,
				27FA3E8C207C3EE400C1A14A /* AuthenticateModel.swift in Sources */,
				27FD2BE8207D8B71007F6BE6 /* LogInPresenter.swift in Sources */,
				27FA3E61207C26A700C1A14A /* PlacesTests.swift in Sources */,
				2783EB3120802CA3007FD8AD /* ListDepartmentsViewController.swift in Sources */,
				27FA3E89207C39A800C1A14A /* LogInViewController.swift in Sources */,
				27FA3E85207C344600C1A14A /* Styles.swift in Sources */,
				27FA3E75207C2A3800C1A14A /* SplashViewController.swift in Sources */,
				2783EB3520802D3E007FD8AD /* ListDepartmentPresenter.swift in Sources */,
				2783EB3820803231007FD8AD /* CollectionDepartments.swift in Sources */,
				27FA3E8F207C414E00C1A14A /* InputTextField.swift in Sources */,
				27FA3E79207C2AE900C1A14A /* SplashPresenter.swift in Sources */,
				2783EB2D20802AAC007FD8AD /* Department.swift in Sources */,
			);
			runOnlyForDeploymentPostprocessing = 0;
		};
/* End PBXSourcesBuildPhase section */

/* Begin PBXTargetDependency section */
		27FA3E5E207C26A700C1A14A /* PBXTargetDependency */ = {
			isa = PBXTargetDependency;
			target = 27FA3E47207C26A000C1A14A /* Places */;
			targetProxy = 27FA3E5D207C26A700C1A14A /* PBXContainerItemProxy */;
		};
/* End PBXTargetDependency section */

/* Begin PBXVariantGroup section */
		27FA3E4F207C26A100C1A14A /* Main.storyboard */ = {
			isa = PBXVariantGroup;
			children = (
				27FA3E50207C26A100C1A14A /* Base */,
				27FD2BEE207D975D007F6BE6 /* es-419 */,
			);
			name = Main.storyboard;
			sourceTree = "<group>";
		};
		27FA3E54207C26A600C1A14A /* LaunchScreen.storyboard */ = {
			isa = PBXVariantGroup;
			children = (
				27FA3E55207C26A600C1A14A /* Base */,
				27FD2BEF207D975D007F6BE6 /* es-419 */,
			);
			name = LaunchScreen.storyboard;
			sourceTree = "<group>";
		};
		27FD2BEC207D95DC007F6BE6 /* LogIn.strings */ = {
			isa = PBXVariantGroup;
			children = (
				27FD2BEB207D95DC007F6BE6 /* en */,
				27FD2BED207D9601007F6BE6 /* Base */,
				27FD2BF0207D975D007F6BE6 /* es-419 */,
			);
			name = LogIn.strings;
			sourceTree = "<group>";
		};
/* End PBXVariantGroup section */

/* Begin XCBuildConfiguration section */
		27FA3E63207C26A700C1A14A /* Debug */ = {
			isa = XCBuildConfiguration;
			buildSettings = {
				ALWAYS_SEARCH_USER_PATHS = NO;
				CLANG_ANALYZER_LOCALIZABILITY_NONLOCALIZED = YES;
				CLANG_ANALYZER_NONNULL = YES;
				CLANG_ANALYZER_NUMBER_OBJECT_CONVERSION = YES_AGGRESSIVE;
				CLANG_CXX_LANGUAGE_STANDARD = "gnu++14";
				CLANG_CXX_LIBRARY = "libc++";
				CLANG_ENABLE_MODULES = YES;
				CLANG_ENABLE_OBJC_ARC = YES;
				CLANG_ENABLE_OBJC_WEAK = YES;
				CLANG_WARN_BLOCK_CAPTURE_AUTORELEASING = YES;
				CLANG_WARN_BOOL_CONVERSION = YES;
				CLANG_WARN_COMMA = YES;
				CLANG_WARN_CONSTANT_CONVERSION = YES;
				CLANG_WARN_DEPRECATED_OBJC_IMPLEMENTATIONS = YES;
				CLANG_WARN_DIRECT_OBJC_ISA_USAGE = YES_ERROR;
				CLANG_WARN_DOCUMENTATION_COMMENTS = YES;
				CLANG_WARN_EMPTY_BODY = YES;
				CLANG_WARN_ENUM_CONVERSION = YES;
				CLANG_WARN_INFINITE_RECURSION = YES;
				CLANG_WARN_INT_CONVERSION = YES;
				CLANG_WARN_NON_LITERAL_NULL_CONVERSION = YES;
				CLANG_WARN_OBJC_IMPLICIT_RETAIN_SELF = YES;
				CLANG_WARN_OBJC_LITERAL_CONVERSION = YES;
				CLANG_WARN_OBJC_ROOT_CLASS = YES_ERROR;
				CLANG_WARN_RANGE_LOOP_ANALYSIS = YES;
				CLANG_WARN_STRICT_PROTOTYPES = YES;
				CLANG_WARN_SUSPICIOUS_MOVE = YES;
				CLANG_WARN_UNGUARDED_AVAILABILITY = YES_AGGRESSIVE;
				CLANG_WARN_UNREACHABLE_CODE = YES;
				CLANG_WARN__DUPLICATE_METHOD_MATCH = YES;
				CODE_SIGN_IDENTITY = "iPhone Developer";
				COPY_PHASE_STRIP = NO;
				DEBUG_INFORMATION_FORMAT = dwarf;
				ENABLE_STRICT_OBJC_MSGSEND = YES;
				ENABLE_TESTABILITY = YES;
				GCC_C_LANGUAGE_STANDARD = gnu11;
				GCC_DYNAMIC_NO_PIC = NO;
				GCC_NO_COMMON_BLOCKS = YES;
				GCC_OPTIMIZATION_LEVEL = 0;
				GCC_PREPROCESSOR_DEFINITIONS = (
					"DEBUG=1",
					"$(inherited)",
				);
				GCC_WARN_64_TO_32_BIT_CONVERSION = YES;
				GCC_WARN_ABOUT_RETURN_TYPE = YES_ERROR;
				GCC_WARN_UNDECLARED_SELECTOR = YES;
				GCC_WARN_UNINITIALIZED_AUTOS = YES_AGGRESSIVE;
				GCC_WARN_UNUSED_FUNCTION = YES;
				GCC_WARN_UNUSED_VARIABLE = YES;
				IPHONEOS_DEPLOYMENT_TARGET = 9.0;
				MTL_ENABLE_DEBUG_INFO = YES;
				ONLY_ACTIVE_ARCH = YES;
				SDKROOT = iphoneos;
				SWIFT_ACTIVE_COMPILATION_CONDITIONS = DEBUG;
				SWIFT_OPTIMIZATION_LEVEL = "-Onone";
			};
			name = Debug;
		};
		27FA3E64207C26A700C1A14A /* Release */ = {
			isa = XCBuildConfiguration;
			buildSettings = {
				ALWAYS_SEARCH_USER_PATHS = NO;
				CLANG_ANALYZER_LOCALIZABILITY_NONLOCALIZED = YES;
				CLANG_ANALYZER_NONNULL = YES;
				CLANG_ANALYZER_NUMBER_OBJECT_CONVERSION = YES_AGGRESSIVE;
				CLANG_CXX_LANGUAGE_STANDARD = "gnu++14";
				CLANG_CXX_LIBRARY = "libc++";
				CLANG_ENABLE_MODULES = YES;
				CLANG_ENABLE_OBJC_ARC = YES;
				CLANG_ENABLE_OBJC_WEAK = YES;
				CLANG_WARN_BLOCK_CAPTURE_AUTORELEASING = YES;
				CLANG_WARN_BOOL_CONVERSION = YES;
				CLANG_WARN_COMMA = YES;
				CLANG_WARN_CONSTANT_CONVERSION = YES;
				CLANG_WARN_DEPRECATED_OBJC_IMPLEMENTATIONS = YES;
				CLANG_WARN_DIRECT_OBJC_ISA_USAGE = YES_ERROR;
				CLANG_WARN_DOCUMENTATION_COMMENTS = YES;
				CLANG_WARN_EMPTY_BODY = YES;
				CLANG_WARN_ENUM_CONVERSION = YES;
				CLANG_WARN_INFINITE_RECURSION = YES;
				CLANG_WARN_INT_CONVERSION = YES;
				CLANG_WARN_NON_LITERAL_NULL_CONVERSION = YES;
				CLANG_WARN_OBJC_IMPLICIT_RETAIN_SELF = YES;
				CLANG_WARN_OBJC_LITERAL_CONVERSION = YES;
				CLANG_WARN_OBJC_ROOT_CLASS = YES_ERROR;
				CLANG_WARN_RANGE_LOOP_ANALYSIS = YES;
				CLANG_WARN_STRICT_PROTOTYPES = YES;
				CLANG_WARN_SUSPICIOUS_MOVE = YES;
				CLANG_WARN_UNGUARDED_AVAILABILITY = YES_AGGRESSIVE;
				CLANG_WARN_UNREACHABLE_CODE = YES;
				CLANG_WARN__DUPLICATE_METHOD_MATCH = YES;
				CODE_SIGN_IDENTITY = "iPhone Developer";
				COPY_PHASE_STRIP = NO;
				DEBUG_INFORMATION_FORMAT = "dwarf-with-dsym";
				ENABLE_NS_ASSERTIONS = NO;
				ENABLE_STRICT_OBJC_MSGSEND = YES;
				GCC_C_LANGUAGE_STANDARD = gnu11;
				GCC_NO_COMMON_BLOCKS = YES;
				GCC_WARN_64_TO_32_BIT_CONVERSION = YES;
				GCC_WARN_ABOUT_RETURN_TYPE = YES_ERROR;
				GCC_WARN_UNDECLARED_SELECTOR = YES;
				GCC_WARN_UNINITIALIZED_AUTOS = YES_AGGRESSIVE;
				GCC_WARN_UNUSED_FUNCTION = YES;
				GCC_WARN_UNUSED_VARIABLE = YES;
				IPHONEOS_DEPLOYMENT_TARGET = 9.0;
				MTL_ENABLE_DEBUG_INFO = NO;
				SDKROOT = iphoneos;
				SWIFT_COMPILATION_MODE = wholemodule;
				SWIFT_OPTIMIZATION_LEVEL = "-O";
				VALIDATE_PRODUCT = YES;
			};
			name = Release;
		};
		27FA3E66207C26A700C1A14A /* Debug */ = {
			isa = XCBuildConfiguration;
			baseConfigurationReference = C82CDA911EF16D0E97901E0D /* Pods-Places.debug.xcconfig */;
			buildSettings = {
				ASSETCATALOG_COMPILER_APPICON_NAME = AppIcon;
				CODE_SIGN_STYLE = Automatic;
				DEVELOPMENT_TEAM = 73A3QCVC2H;
				INFOPLIST_FILE = Places/Info.plist;
				IPHONEOS_DEPLOYMENT_TARGET = 9.0;
				LD_RUNPATH_SEARCH_PATHS = (
					"$(inherited)",
					"@executable_path/Frameworks",
				);
				PRODUCT_BUNDLE_IDENTIFIER = pe.gob.mtc.Places;
				PRODUCT_NAME = "$(TARGET_NAME)";
				SWIFT_VERSION = 4.0;
				TARGETED_DEVICE_FAMILY = "1,2";
			};
			name = Debug;
		};
		27FA3E67207C26A700C1A14A /* Release */ = {
			isa = XCBuildConfiguration;
			baseConfigurationReference = 0EDE37DE2AE71D86E15A305C /* Pods-Places.release.xcconfig */;
			buildSettings = {
				ASSETCATALOG_COMPILER_APPICON_NAME = AppIcon;
				CODE_SIGN_STYLE = Automatic;
				DEVELOPMENT_TEAM = 73A3QCVC2H;
				INFOPLIST_FILE = Places/Info.plist;
				IPHONEOS_DEPLOYMENT_TARGET = 9.0;
				LD_RUNPATH_SEARCH_PATHS = (
					"$(inherited)",
					"@executable_path/Frameworks",
				);
				PRODUCT_BUNDLE_IDENTIFIER = pe.gob.mtc.Places;
				PRODUCT_NAME = "$(TARGET_NAME)";
				SWIFT_VERSION = 4.0;
				TARGETED_DEVICE_FAMILY = "1,2";
			};
			name = Release;
		};
		27FA3E69207C26A700C1A14A /* Debug */ = {
			isa = XCBuildConfiguration;
			baseConfigurationReference = 4BC721FA60846880D4DB4841 /* Pods-PlacesTests.debug.xcconfig */;
			buildSettings = {
				ALWAYS_EMBED_SWIFT_STANDARD_LIBRARIES = YES;
				BUNDLE_LOADER = "$(TEST_HOST)";
				CODE_SIGN_STYLE = Automatic;
				INFOPLIST_FILE = PlacesTests/Info.plist;
				LD_RUNPATH_SEARCH_PATHS = (
					"$(inherited)",
					"@executable_path/Frameworks",
					"@loader_path/Frameworks",
				);
				PRODUCT_BUNDLE_IDENTIFIER = pe.gob.mtc.PlacesTests;
				PRODUCT_NAME = "$(TARGET_NAME)";
				SWIFT_VERSION = 4.0;
				TARGETED_DEVICE_FAMILY = "1,2";
				TEST_HOST = "$(BUILT_PRODUCTS_DIR)/Places.app/Places";
			};
			name = Debug;
		};
		27FA3E6A207C26A700C1A14A /* Release */ = {
			isa = XCBuildConfiguration;
			baseConfigurationReference = 16BC74ADBE5C99AED98D0ED2 /* Pods-PlacesTests.release.xcconfig */;
			buildSettings = {
				ALWAYS_EMBED_SWIFT_STANDARD_LIBRARIES = YES;
				BUNDLE_LOADER = "$(TEST_HOST)";
				CODE_SIGN_STYLE = Automatic;
				INFOPLIST_FILE = PlacesTests/Info.plist;
				LD_RUNPATH_SEARCH_PATHS = (
					"$(inherited)",
					"@executable_path/Frameworks",
					"@loader_path/Frameworks",
				);
				PRODUCT_BUNDLE_IDENTIFIER = pe.gob.mtc.PlacesTests;
				PRODUCT_NAME = "$(TARGET_NAME)";
				SWIFT_VERSION = 4.0;
				TARGETED_DEVICE_FAMILY = "1,2";
				TEST_HOST = "$(BUILT_PRODUCTS_DIR)/Places.app/Places";
			};
			name = Release;
		};
/* End XCBuildConfiguration section */

/* Begin XCConfigurationList section */
		27FA3E43207C26A000C1A14A /* Build configuration list for PBXProject "Places" */ = {
			isa = XCConfigurationList;
			buildConfigurations = (
				27FA3E63207C26A700C1A14A /* Debug */,
				27FA3E64207C26A700C1A14A /* Release */,
			);
			defaultConfigurationIsVisible = 0;
			defaultConfigurationName = Release;
		};
		27FA3E65207C26A700C1A14A /* Build configuration list for PBXNativeTarget "Places" */ = {
			isa = XCConfigurationList;
			buildConfigurations = (
				27FA3E66207C26A700C1A14A /* Debug */,
				27FA3E67207C26A700C1A14A /* Release */,
			);
			defaultConfigurationIsVisible = 0;
			defaultConfigurationName = Release;
		};
		27FA3E68207C26A700C1A14A /* Build configuration list for PBXNativeTarget "PlacesTests" */ = {
			isa = XCConfigurationList;
			buildConfigurations = (
				27FA3E69207C26A700C1A14A /* Debug */,
				27FA3E6A207C26A700C1A14A /* Release */,
			);
			defaultConfigurationIsVisible = 0;
			defaultConfigurationName = Release;
		};
/* End XCConfigurationList section */
	};
	rootObject = 27FA3E40207C26A000C1A14A /* Project object */;
}
